
Microsoft Visual Studio Solution File, Format Version 12.00
# Visual Studio 15
Project("{FAE04EC0-301F-11D3-BF4B-00C04F79EFBC}") = "SteamVR", "SteamVR.csproj", "{A7E8D12D-C779-2D3D-CA35-6AF507940AB2}"
EndProject
Project("{FAE04EC0-301F-11D3-BF4B-00C04F79EFBC}") = "FMODUnity", "FMODUnity.csproj", "{8C668EAC-9EC0-0754-EEDA-8151FBFCEECD}"
EndProject
Project("{FAE04EC0-301F-11D3-BF4B-00C04F79EFBC}") = "Assembly-CSharp", "Assembly-CSharp.csproj", "{F13626FD-EBF5-D19C-C5A7-FF16CCD12138}"
EndProject
Project("{FAE04EC0-301F-11D3-BF4B-00C04F79EFBC}") = "SteamVR_Actions", "SteamVR_Actions.csproj", "{9B06F2D7-1020-0426-3DB0-2B30DB5CB558}"
EndProject
Project("{FAE04EC0-301F-11D3-BF4B-00C04F79EFBC}") = "FMODUnityResonance", "FMODUnityResonance.csproj", "{C1005EDA-A3B3-0095-FFEC-E02ADE7E382B}"
EndProject
Project("{FAE04EC0-301F-11D3-BF4B-00C04F79EFBC}") = "FMODUnityEditor", "FMODUnityEditor.csproj", "{C320B883-BE64-1F11-FFE4-19D4E4B51DB0}"
EndProject
Project("{FAE04EC0-301F-11D3-BF4B-00C04F79EFBC}") = "SteamVR_Input_Editor", "SteamVR_Input_Editor.csproj", "{E70E8D8E-5D92-78DF-7A3F-8E18B3CF1B83}"
EndProject
Project("{FAE04EC0-301F-11D3-BF4B-00C04F79EFBC}") = "SteamVR_Editor", "SteamVR_Editor.csproj", "{EDCFA8E4-446C-B676-7C10-0518FBFB2C87}"
EndProject
Project("{FAE04EC0-301F-11D3-BF4B-00C04F79EFBC}") = "FMODUnityResonanceEditor", "FMODUnityResonanceEditor.csproj", "{EABF34DE-A8F7-00D0-83A0-5F70D203A8E9}"
EndProject
Project("{FAE04EC0-301F-11D3-BF4B-00C04F79EFBC}") = "SteamVR_Windows_EditorHelper", "SteamVR_Windows_EditorHelper.csproj", "{E3A8C6F1-7B31-9F36-1FA8-09B65107DB0A}"
EndProject
Global
	GlobalSection(SolutionConfigurationPlatforms) = preSolution
		Debug|Any CPU = Debug|Any CPU
		Release|Any CPU = Release|Any CPU
	EndGlobalSection
	GlobalSection(ProjectConfigurationPlatforms) = postSolution
		{A7E8D12D-C779-2D3D-CA35-6AF507940AB2}.Debug|Any CPU.ActiveCfg = Debug|Any CPU
		{A7E8D12D-C779-2D3D-CA35-6AF507940AB2}.Debug|Any CPU.Build.0 = Debug|Any CPU
		{A7E8D12D-C779-2D3D-CA35-6AF507940AB2}.Release|Any CPU.ActiveCfg = Release|Any CPU
		{A7E8D12D-C779-2D3D-CA35-6AF507940AB2}.Release|Any CPU.Build.0 = Release|Any CPU
		{8C668EAC-9EC0-0754-EEDA-8151FBFCEECD}.Debug|Any CPU.ActiveCfg = Debug|Any CPU
		{8C668EAC-9EC0-0754-EEDA-8151FBFCEECD}.Debug|Any CPU.Build.0 = Debug|Any CPU
		{8C668EAC-9EC0-0754-EEDA-8151FBFCEECD}.Release|Any CPU.ActiveCfg = Release|Any CPU
		{8C668EAC-9EC0-0754-EEDA-8151FBFCEECD}.Release|Any CPU.Build.0 = Release|Any CPU
		{F13626FD-EBF5-D19C-C5A7-FF16CCD12138}.Debug|Any CPU.ActiveCfg = Debug|Any CPU
		{F13626FD-EBF5-D19C-C5A7-FF16CCD12138}.Debug|Any CPU.Build.0 = Debug|Any CPU
		{F13626FD-EBF5-D19C-C5A7-FF16CCD12138}.Release|Any CPU.ActiveCfg = Release|Any CPU
		{F13626FD-EBF5-D19C-C5A7-FF16CCD12138}.Release|Any CPU.Build.0 = Release|Any CPU
		{9B06F2D7-1020-0426-3DB0-2B30DB5CB558}.Debug|Any CPU.ActiveCfg = Debug|Any CPU
		{9B06F2D7-1020-0426-3DB0-2B30DB5CB558}.Debug|Any CPU.Build.0 = Debug|Any CPU
		{9B06F2D7-1020-0426-3DB0-2B30DB5CB558}.Release|Any CPU.ActiveCfg = Release|Any CPU
		{9B06F2D7-1020-0426-3DB0-2B30DB5CB558}.Release|Any CPU.Build.0 = Release|Any CPU
		{C1005EDA-A3B3-0095-FFEC-E02ADE7E382B}.Debug|Any CPU.ActiveCfg = Debug|Any CPU
		{C1005EDA-A3B3-0095-FFEC-E02ADE7E382B}.Debug|Any CPU.Build.0 = Debug|Any CPU
		{C1005EDA-A3B3-0095-FFEC-E02ADE7E382B}.Release|Any CPU.ActiveCfg = Release|Any CPU
		{C1005EDA-A3B3-0095-FFEC-E02ADE7E382B}.Release|Any CPU.Build.0 = Release|Any CPU
		{C320B883-BE64-1F11-FFE4-19D4E4B51DB0}.Debug|Any CPU.ActiveCfg = Debug|Any CPU
		{C320B883-BE64-1F11-FFE4-19D4E4B51DB0}.Debug|Any CPU.Build.0 = Debug|Any CPU
		{C320B883-BE64-1F11-FFE4-19D4E4B51DB0}.Release|Any CPU.ActiveCfg = Release|Any CPU
		{C320B883-BE64-1F11-FFE4-19D4E4B51DB0}.Release|Any CPU.Build.0 = Release|Any CPU
		{E70E8D8E-5D92-78DF-7A3F-8E18B3CF1B83}.Debug|Any CPU.ActiveCfg = Debug|Any CPU
		{E70E8D8E-5D92-78DF-7A3F-8E18B3CF1B83}.Debug|Any CPU.Build.0 = Debug|Any CPU
		{E70E8D8E-5D92-78DF-7A3F-8E18B3CF1B83}.Release|Any CPU.ActiveCfg = Release|Any CPU
		{E70E8D8E-5D92-78DF-7A3F-8E18B3CF1B83}.Release|Any CPU.Build.0 = Release|Any CPU
		{EDCFA8E4-446C-B676-7C10-0518FBFB2C87}.Debug|Any CPU.ActiveCfg = Debug|Any CPU
		{EDCFA8E4-446C-B676-7C10-0518FBFB2C87}.Debug|Any CPU.Build.0 = Debug|Any CPU
		{EDCFA8E4-446C-B676-7C10-0518FBFB2C87}.Release|Any CPU.ActiveCfg = Release|Any CPU
		{EDCFA8E4-446C-B676-7C10-0518FBFB2C87}.Release|Any CPU.Build.0 = Release|Any CPU
		{EABF34DE-A8F7-00D0-83A0-5F70D203A8E9}.Debug|Any CPU.ActiveCfg = Debug|Any CPU
		{EABF34DE-A8F7-00D0-83A0-5F70D203A8E9}.Debug|Any CPU.Build.0 = Debug|Any CPU
		{EABF34DE-A8F7-00D0-83A0-5F70D203A8E9}.Release|Any CPU.ActiveCfg = Release|Any CPU
		{EABF34DE-A8F7-00D0-83A0-5F70D203A8E9}.Release|Any CPU.Build.0 = Release|Any CPU
		{E3A8C6F1-7B31-9F36-1FA8-09B65107DB0A}.Debug|Any CPU.ActiveCfg = Debug|Any CPU
		{E3A8C6F1-7B31-9F36-1FA8-09B65107DB0A}.Debug|Any CPU.Build.0 = Debug|Any CPU
		{E3A8C6F1-7B31-9F36-1FA8-09B65107DB0A}.Release|Any CPU.ActiveCfg = Release|Any CPU
		{E3A8C6F1-7B31-9F36-1FA8-09B65107DB0A}.Release|Any CPU.Build.0 = Release|Any CPU
	EndGlobalSection
	GlobalSection(SolutionProperties) = preSolution
		HideSolutionNode = FALSE
	EndGlobalSection
EndGlobal
